
Microsoft Visual Studio Solution File, Format Version 12.00
# Visual Studio Version 17
VisualStudioVersion = 17.5.001.0
MinimumVisualStudioVersion = 10.0.40219.1
Project("{9A19103F-16F7-4668-BE54-9A1E7A4F7556}") = "electric-raspberry", "electric-raspberry.csproj", "{0F353FDA-DE9E-4B6D-810D-5349F14BF13E}"
EndProject
Global
	GlobalSection(SolutionConfigurationPlatforms) = preSolution
		Debug|Any CPU = Debug|Any CPU
		Release|Any CPU = Release|Any CPU
	EndGlobalSection
	GlobalSection(ProjectConfigurationPlatforms) = postSolution
		{0F353FDA-DE9E-4B6D-810D-5349F14BF13E}.Debug|Any CPU.ActiveCfg = Debug|Any CPU
		{0F353FDA-DE9E-4B6D-810D-5349F14BF13E}.Debug|Any CPU.Build.0 = Debug|Any CPU
		{0F353FDA-DE9E-4B6D-810D-5349F14BF13E}.Release|Any CPU.ActiveCfg = Release|Any CPU
		{0F353FDA-DE9E-4B6D-810D-5349F14BF13E}.Release|Any CPU.Build.0 = Release|Any CPU
	EndGlobalSection
	GlobalSection(SolutionProperties) = preSolution
		HideSolutionNode = FALSE
	EndGlobalSection
	GlobalSection(ExtensibilityGlobals) = postSolution
		SolutionGuid = {A5A59051-BD5B-4EC9-939A-6C3278E340C3}
	EndGlobalSection
EndGlobal
